// !$*UTF8*$!
{
	archiveVersion = 1;
	classes = {
	};
	objectVersion = 54;
	objects = {

/* Begin PBXBuildFile section */
		DC4407CB267BA81100132863 /* FetchKit.framework in Frameworks */ = {isa = PBXBuildFile; fileRef = DC4407C2267BA81100132863 /* FetchKit.framework */; };
		DC4407D0267BA81100132863 /* FetchKitTests.m in Sources */ = {isa = PBXBuildFile; fileRef = DC4407CF267BA81100132863 /* FetchKitTests.m */; };
		DC4407D1267BA81100132863 /* FetchKit.h in Headers */ = {isa = PBXBuildFile; fileRef = DC4407C5267BA81100132863 /* FetchKit.h */; settings = {ATTRIBUTES = (Public, ); }; };
		DC4407DC267BA84A00132863 /* Fetcher.h in Headers */ = {isa = PBXBuildFile; fileRef = DC4407DA267BA84A00132863 /* Fetcher.h */; settings = {ATTRIBUTES = (Public, ); }; };
		DC4407DD267BA84A00132863 /* Fetcher.m in Sources */ = {isa = PBXBuildFile; fileRef = DC4407DB267BA84A00132863 /* Fetcher.m */; };
		DCC314FB26B2DAE300554A9E /* Fetcher+Extension.swift in Sources */ = {isa = PBXBuildFile; fileRef = DCC314FA26B2DAE300554A9E /* Fetcher+Extension.swift */; };
/* End PBXBuildFile section */

/* Begin PBXContainerItemProxy section */
		DC4407CC267BA81100132863 /* PBXContainerItemProxy */ = {
			isa = PBXContainerItemProxy;
			containerPortal = DC4407B9267BA81100132863 /* Project object */;
			proxyType = 1;
			remoteGlobalIDString = DC4407C1267BA81100132863;
			remoteInfo = FetchKit;
		};
/* End PBXContainerItemProxy section */

/* Begin PBXFileReference section */
		DC4407C2267BA81100132863 /* FetchKit.framework */ = {isa = PBXFileReference; explicitFileType = wrapper.framework; includeInIndex = 0; path = FetchKit.framework; sourceTree = BUILT_PRODUCTS_DIR; };
		DC4407C5267BA81100132863 /* FetchKit.h */ = {isa = PBXFileReference; lastKnownFileType = sourcecode.c.h; path = FetchKit.h; sourceTree = "<group>"; };
		DC4407CA267BA81100132863 /* FetchKitTests.xctest */ = {isa = PBXFileReference; explicitFileType = wrapper.cfbundle; includeInIndex = 0; path = FetchKitTests.xctest; sourceTree = BUILT_PRODUCTS_DIR; };
		DC4407CF267BA81100132863 /* FetchKitTests.m */ = {isa = PBXFileReference; lastKnownFileType = sourcecode.c.objc; path = FetchKitTests.m; sourceTree = "<group>"; };
		DC4407DA267BA84A00132863 /* Fetcher.h */ = {isa = PBXFileReference; fileEncoding = 4; lastKnownFileType = sourcecode.c.h; path = Fetcher.h; sourceTree = "<group>"; };
		DC4407DB267BA84A00132863 /* Fetcher.m */ = {isa = PBXFileReference; fileEncoding = 4; lastKnownFileType = sourcecode.c.objc; path = Fetcher.m; sourceTree = "<group>"; };
		DCC314FA26B2DAE300554A9E /* Fetcher+Extension.swift */ = {isa = PBXFileReference; lastKnownFileType = sourcecode.swift; path = "Fetcher+Extension.swift"; sourceTree = "<group>"; };
		DCF8339C26A890CB002B95FC /* Package.swift */ = {isa = PBXFileReference; fileEncoding = 4; lastKnownFileType = sourcecode.swift; path = Package.swift; sourceTree = "<group>"; };
		DCF8339D26A890CB002B95FC /* FetchKit.podspec */ = {isa = PBXFileReference; fileEncoding = 4; lastKnownFileType = text; path = FetchKit.podspec; sourceTree = "<group>"; };
/* End PBXFileReference section */

/* Begin PBXFrameworksBuildPhase section */
		DC4407BF267BA81100132863 /* Frameworks */ = {
			isa = PBXFrameworksBuildPhase;
			buildActionMask = 2147483647;
			files = (
			);
			runOnlyForDeploymentPostprocessing = 0;
		};
		DC4407C7267BA81100132863 /* Frameworks */ = {
			isa = PBXFrameworksBuildPhase;
			buildActionMask = 2147483647;
			files = (
				DC4407CB267BA81100132863 /* FetchKit.framework in Frameworks */,
			);
			runOnlyForDeploymentPostprocessing = 0;
		};
/* End PBXFrameworksBuildPhase section */

/* Begin PBXGroup section */
		DC4407B8267BA81100132863 = {
			isa = PBXGroup;
			children = (
				DCF8339D26A890CB002B95FC /* FetchKit.podspec */,
				DCF8339C26A890CB002B95FC /* Package.swift */,
				DC4407C4267BA81100132863 /* FetchKit */,
				DCC314FF26B4294900554A9E /* FetchKitSwift */,
				DC4407CE267BA81100132863 /* FetchKitTests */,
				DC4407C3267BA81100132863 /* Products */,
			);
			sourceTree = "<group>";
		};
		DC4407C3267BA81100132863 /* Products */ = {
			isa = PBXGroup;
			children = (
				DC4407C2267BA81100132863 /* FetchKit.framework */,
				DC4407CA267BA81100132863 /* FetchKitTests.xctest */,
			);
			name = Products;
			sourceTree = "<group>";
		};
		DC4407C4267BA81100132863 /* FetchKit */ = {
			isa = PBXGroup;
			children = (
				DCC3153B26B4305400554A9E /* include */,
				DC4407DB267BA84A00132863 /* Fetcher.m */,
			);
			path = FetchKit;
			sourceTree = "<group>";
		};
		DC4407CE267BA81100132863 /* FetchKitTests */ = {
			isa = PBXGroup;
			children = (
				DC4407CF267BA81100132863 /* FetchKitTests.m */,
			);
			path = FetchKitTests;
			sourceTree = "<group>";
		};
		DCC314FF26B4294900554A9E /* FetchKitSwift */ = {
			isa = PBXGroup;
			children = (
				DCC314FA26B2DAE300554A9E /* Fetcher+Extension.swift */,
			);
			path = FetchKitSwift;
			sourceTree = "<group>";
		};
		DCC3153B26B4305400554A9E /* include */ = {
			isa = PBXGroup;
			children = (
				DC4407DA267BA84A00132863 /* Fetcher.h */,
				DC4407C5267BA81100132863 /* FetchKit.h */,
			);
			path = include;
			sourceTree = "<group>";
		};
/* End PBXGroup section */

/* Begin PBXHeadersBuildPhase section */
		DC4407BD267BA81100132863 /* Headers */ = {
			isa = PBXHeadersBuildPhase;
			buildActionMask = 2147483647;
			files = (
				DC4407DC267BA84A00132863 /* Fetcher.h in Headers */,
				DC4407D1267BA81100132863 /* FetchKit.h in Headers */,
			);
			runOnlyForDeploymentPostprocessing = 0;
		};
/* End PBXHeadersBuildPhase section */

/* Begin PBXNativeTarget section */
		DC4407C1267BA81100132863 /* FetchKit */ = {
			isa = PBXNativeTarget;
			buildConfigurationList = DC4407D4267BA81100132863 /* Build configuration list for PBXNativeTarget "FetchKit" */;
			buildPhases = (
				DC4407BD267BA81100132863 /* Headers */,
				DC4407BE267BA81100132863 /* Sources */,
				DC4407BF267BA81100132863 /* Frameworks */,
				DC4407C0267BA81100132863 /* Resources */,
			);
			buildRules = (
			);
			dependencies = (
			);
			name = FetchKit;
			productName = FetchKit;
			productReference = DC4407C2267BA81100132863 /* FetchKit.framework */;
			productType = "com.apple.product-type.framework";
		};
		DC4407C9267BA81100132863 /* FetchKitTests */ = {
			isa = PBXNativeTarget;
			buildConfigurationList = DC4407D7267BA81100132863 /* Build configuration list for PBXNativeTarget "FetchKitTests" */;
			buildPhases = (
				DC4407C6267BA81100132863 /* Sources */,
				DC4407C7267BA81100132863 /* Frameworks */,
				DC4407C8267BA81100132863 /* Resources */,
			);
			buildRules = (
			);
			dependencies = (
				DC4407CD267BA81100132863 /* PBXTargetDependency */,
			);
			name = FetchKitTests;
			productName = FetchKitTests;
			productReference = DC4407CA267BA81100132863 /* FetchKitTests.xctest */;
			productType = "com.apple.product-type.bundle.unit-test";
		};
/* End PBXNativeTarget section */

/* Begin PBXProject section */
		DC4407B9267BA81100132863 /* Project object */ = {
			isa = PBXProject;
			attributes = {
				BuildIndependentTargetsInParallel = 1;
				LastUpgradeCheck = 1300;
				TargetAttributes = {
					DC4407C1267BA81100132863 = {
						CreatedOnToolsVersion = 13.0;
						LastSwiftMigration = 1250;
					};
					DC4407C9267BA81100132863 = {
						CreatedOnToolsVersion = 13.0;
					};
				};
			};
			buildConfigurationList = DC4407BC267BA81100132863 /* Build configuration list for PBXProject "FetchKit" */;
			compatibilityVersion = "Xcode 12.0";
			developmentRegion = en;
			hasScannedForEncodings = 0;
			knownRegions = (
				en,
				Base,
			);
			mainGroup = DC4407B8267BA81100132863;
			productRefGroup = DC4407C3267BA81100132863 /* Products */;
			projectDirPath = "";
			projectRoot = "";
			targets = (
				DC4407C1267BA81100132863 /* FetchKit */,
				DC4407C9267BA81100132863 /* FetchKitTests */,
			);
		};
/* End PBXProject section */

/* Begin PBXResourcesBuildPhase section */
		DC4407C0267BA81100132863 /* Resources */ = {
			isa = PBXResourcesBuildPhase;
			buildActionMask = 2147483647;
			files = (
			);
			runOnlyForDeploymentPostprocessing = 0;
		};
		DC4407C8267BA81100132863 /* Resources */ = {
			isa = PBXResourcesBuildPhase;
			buildActionMask = 2147483647;
			files = (
			);
			runOnlyForDeploymentPostprocessing = 0;
		};
/* End PBXResourcesBuildPhase section */

/* Begin PBXSourcesBuildPhase section */
		DC4407BE267BA81100132863 /* Sources */ = {
			isa = PBXSourcesBuildPhase;
			buildActionMask = 2147483647;
			files = (
				DC4407DD267BA84A00132863 /* Fetcher.m in Sources */,
				DCC314FB26B2DAE300554A9E /* Fetcher+Extension.swift in Sources */,
			);
			runOnlyForDeploymentPostprocessing = 0;
		};
		DC4407C6267BA81100132863 /* Sources */ = {
			isa = PBXSourcesBuildPhase;
			buildActionMask = 2147483647;
			files = (
				DC4407D0267BA81100132863 /* FetchKitTests.m in Sources */,
			);
			runOnlyForDeploymentPostprocessing = 0;
		};
/* End PBXSourcesBuildPhase section */

/* Begin PBXTargetDependency section */
		DC4407CD267BA81100132863 /* PBXTargetDependency */ = {
			isa = PBXTargetDependency;
			target = DC4407C1267BA81100132863 /* FetchKit */;
			targetProxy = DC4407CC267BA81100132863 /* PBXContainerItemProxy */;
		};
/* End PBXTargetDependency section */

/* Begin XCBuildConfiguration section */
		DC4407D2267BA81100132863 /* Debug */ = {
			isa = XCBuildConfiguration;
			buildSettings = {
				ALWAYS_SEARCH_USER_PATHS = NO;
				CLANG_ANALYZER_NONNULL = YES;
				CLANG_ANALYZER_NUMBER_OBJECT_CONVERSION = YES_AGGRESSIVE;
				CLANG_CXX_LANGUAGE_STANDARD = "gnu++14";
				CLANG_CXX_LIBRARY = "libc++";
				CLANG_ENABLE_MODULES = YES;
				CLANG_ENABLE_OBJC_ARC = YES;
				CLANG_ENABLE_OBJC_WEAK = YES;
				CLANG_WARN_BLOCK_CAPTURE_AUTORELEASING = YES;
				CLANG_WARN_BOOL_CONVERSION = YES;
				CLANG_WARN_COMMA = YES;
				CLANG_WARN_CONSTANT_CONVERSION = YES;
				CLANG_WARN_DEPRECATED_OBJC_IMPLEMENTATIONS = YES;
				CLANG_WARN_DIRECT_OBJC_ISA_USAGE = YES_ERROR;
				CLANG_WARN_DOCUMENTATION_COMMENTS = YES;
				CLANG_WARN_EMPTY_BODY = YES;
				CLANG_WARN_ENUM_CONVERSION = YES;
				CLANG_WARN_INFINITE_RECURSION = YES;
				CLANG_WARN_INT_CONVERSION = YES;
				CLANG_WARN_NON_LITERAL_NULL_CONVERSION = YES;
				CLANG_WARN_OBJC_IMPLICIT_RETAIN_SELF = YES;
				CLANG_WARN_OBJC_LITERAL_CONVERSION = YES;
				CLANG_WARN_OBJC_ROOT_CLASS = YES_ERROR;
				CLANG_WARN_QUOTED_INCLUDE_IN_FRAMEWORK_HEADER = YES;
				CLANG_WARN_RANGE_LOOP_ANALYSIS = YES;
				CLANG_WARN_STRICT_PROTOTYPES = YES;
				CLANG_WARN_SUSPICIOUS_MOVE = YES;
				CLANG_WARN_UNGUARDED_AVAILABILITY = YES_AGGRESSIVE;
				CLANG_WARN_UNREACHABLE_CODE = YES;
				CLANG_WARN__DUPLICATE_METHOD_MATCH = YES;
				COPY_PHASE_STRIP = NO;
				CURRENT_PROJECT_VERSION = 1;
				DEBUG_INFORMATION_FORMAT = dwarf;
				ENABLE_STRICT_OBJC_MSGSEND = YES;
				ENABLE_TESTABILITY = YES;
				GCC_C_LANGUAGE_STANDARD = gnu11;
				GCC_DYNAMIC_NO_PIC = NO;
				GCC_NO_COMMON_BLOCKS = YES;
				GCC_OPTIMIZATION_LEVEL = 0;
				GCC_PREPROCESSOR_DEFINITIONS = (
					"DEBUG=1",
					"$(inherited)",
				);
				GCC_WARN_64_TO_32_BIT_CONVERSION = YES;
				GCC_WARN_ABOUT_RETURN_TYPE = YES_ERROR;
				GCC_WARN_UNDECLARED_SELECTOR = YES;
				GCC_WARN_UNINITIALIZED_AUTOS = YES_AGGRESSIVE;
				GCC_WARN_UNUSED_FUNCTION = YES;
				GCC_WARN_UNUSED_VARIABLE = YES;
				IPHONEOS_DEPLOYMENT_TARGET = 14.1;
				MTL_ENABLE_DEBUG_INFO = INCLUDE_SOURCE;
				MTL_FAST_MATH = YES;
				ONLY_ACTIVE_ARCH = YES;
				SDKROOT = iphoneos;
				VERSIONING_SYSTEM = "apple-generic";
				VERSION_INFO_PREFIX = "";
			};
			name = Debug;
		};
		DC4407D3267BA81100132863 /* Release */ = {
			isa = XCBuildConfiguration;
			buildSettings = {
				ALWAYS_SEARCH_USER_PATHS = NO;
				CLANG_ANALYZER_NONNULL = YES;
				CLANG_ANALYZER_NUMBER_OBJECT_CONVERSION = YES_AGGRESSIVE;
				CLANG_CXX_LANGUAGE_STANDARD = "gnu++14";
				CLANG_CXX_LIBRARY = "libc++";
				CLANG_ENABLE_MODULES = YES;
				CLANG_ENABLE_OBJC_ARC = YES;
				CLANG_ENABLE_OBJC_WEAK = YES;
				CLANG_WARN_BLOCK_CAPTURE_AUTORELEASING = YES;
				CLANG_WARN_BOOL_CONVERSION = YES;
				CLANG_WARN_COMMA = YES;
				CLANG_WARN_CONSTANT_CONVERSION = YES;
				CLANG_WARN_DEPRECATED_OBJC_IMPLEMENTATIONS = YES;
				CLANG_WARN_DIRECT_OBJC_ISA_USAGE = YES_ERROR;
				CLANG_WARN_DOCUMENTATION_COMMENTS = YES;
				CLANG_WARN_EMPTY_BODY = YES;
				CLANG_WARN_ENUM_CONVERSION = YES;
				CLANG_WARN_INFINITE_RECURSION = YES;
				CLANG_WARN_INT_CONVERSION = YES;
				CLANG_WARN_NON_LITERAL_NULL_CONVERSION = YES;
				CLANG_WARN_OBJC_IMPLICIT_RETAIN_SELF = YES;
				CLANG_WARN_OBJC_LITERAL_CONVERSION = YES;
				CLANG_WARN_OBJC_ROOT_CLASS = YES_ERROR;
				CLANG_WARN_QUOTED_INCLUDE_IN_FRAMEWORK_HEADER = YES;
				CLANG_WARN_RANGE_LOOP_ANALYSIS = YES;
				CLANG_WARN_STRICT_PROTOTYPES = YES;
				CLANG_WARN_SUSPICIOUS_MOVE = YES;
				CLANG_WARN_UNGUARDED_AVAILABILITY = YES_AGGRESSIVE;
				CLANG_WARN_UNREACHABLE_CODE = YES;
				CLANG_WARN__DUPLICATE_METHOD_MATCH = YES;
				COPY_PHASE_STRIP = NO;
				CURRENT_PROJECT_VERSION = 1;
				DEBUG_INFORMATION_FORMAT = "dwarf-with-dsym";
				ENABLE_NS_ASSERTIONS = NO;
				ENABLE_STRICT_OBJC_MSGSEND = YES;
				GCC_C_LANGUAGE_STANDARD = gnu11;
				GCC_NO_COMMON_BLOCKS = YES;
				GCC_WARN_64_TO_32_BIT_CONVERSION = YES;
				GCC_WARN_ABOUT_RETURN_TYPE = YES_ERROR;
				GCC_WARN_UNDECLARED_SELECTOR = YES;
				GCC_WARN_UNINITIALIZED_AUTOS = YES_AGGRESSIVE;
				GCC_WARN_UNUSED_FUNCTION = YES;
				GCC_WARN_UNUSED_VARIABLE = YES;
				IPHONEOS_DEPLOYMENT_TARGET = 14.1;
				MTL_ENABLE_DEBUG_INFO = NO;
				MTL_FAST_MATH = YES;
				SDKROOT = iphoneos;
				VALIDATE_PRODUCT = YES;
				VERSIONING_SYSTEM = "apple-generic";
				VERSION_INFO_PREFIX = "";
			};
			name = Release;
		};
		DC4407D5267BA81100132863 /* Debug */ = {
			isa = XCBuildConfiguration;
			buildSettings = {
				CLANG_ENABLE_MODULES = YES;
				CODE_SIGN_STYLE = Automatic;
				CURRENT_PROJECT_VERSION = 1;
				DEFINES_MODULE = YES;
				DYLIB_COMPATIBILITY_VERSION = 1;
				DYLIB_CURRENT_VERSION = 1;
				DYLIB_INSTALL_NAME_BASE = "@rpath";
				GENERATE_INFOPLIST_FILE = YES;
				INFOPLIST_KEY_NSHumanReadableCopyright = "";
				INSTALL_PATH = "$(LOCAL_LIBRARY_DIR)/Frameworks";
				LD_RUNPATH_SEARCH_PATHS = (
					"$(inherited)",
					"@executable_path/Frameworks",
					"@loader_path/Frameworks",
				);
				MARKETING_VERSION = 1.0;
				PRODUCT_BUNDLE_IDENTIFIER = academy.ifce.mateus.FetchKit;
				PRODUCT_NAME = "$(TARGET_NAME:c99extidentifier)";
				SKIP_INSTALL = YES;
				SWIFT_EMIT_LOC_STRINGS = YES;
				SWIFT_OPTIMIZATION_LEVEL = "-Onone";
				SWIFT_VERSION = 5.0;
				TARGETED_DEVICE_FAMILY = "1,2";
			};
			name = Debug;
		};
		DC4407D6267BA81100132863 /* Release */ = {
			isa = XCBuildConfiguration;
			buildSettings = {
				CLANG_ENABLE_MODULES = YES;
				CODE_SIGN_STYLE = Automatic;
				CURRENT_PROJECT_VERSION = 1;
				DEFINES_MODULE = YES;
				DYLIB_COMPATIBILITY_VERSION = 1;
				DYLIB_CURRENT_VERSION = 1;
				DYLIB_INSTALL_NAME_BASE = "@rpath";
				GENERATE_INFOPLIST_FILE = YES;
				INFOPLIST_KEY_NSHumanReadableCopyright = "";
				INSTALL_PATH = "$(LOCAL_LIBRARY_DIR)/Frameworks";
				LD_RUNPATH_SEARCH_PATHS = (
					"$(inherited)",
					"@executable_path/Frameworks",
					"@loader_path/Frameworks",
				);
				MARKETING_VERSION = 1.0;
				PRODUCT_BUNDLE_IDENTIFIER = academy.ifce.mateus.FetchKit;
				PRODUCT_NAME = "$(TARGET_NAME:c99extidentifier)";
				SKIP_INSTALL = YES;
				SWIFT_EMIT_LOC_STRINGS = YES;
				SWIFT_VERSION = 5.0;
				TARGETED_DEVICE_FAMILY = "1,2";
			};
			name = Release;
		};
		DC4407D8267BA81100132863 /* Debug */ = {
			isa = XCBuildConfiguration;
			buildSettings = {
				ALWAYS_EMBED_SWIFT_STANDARD_LIBRARIES = YES;
				CODE_SIGN_STYLE = Automatic;
				CURRENT_PROJECT_VERSION = 1;
				GENERATE_INFOPLIST_FILE = YES;
				LD_RUNPATH_SEARCH_PATHS = (
					"$(inherited)",
					"@executable_path/Frameworks",
					"@loader_path/Frameworks",
				);
				MARKETING_VERSION = 1.0;
				PRODUCT_BUNDLE_IDENTIFIER = academy.ifce.mateus.FetchKitTests;
				PRODUCT_NAME = "$(TARGET_NAME)";
				SWIFT_EMIT_LOC_STRINGS = NO;
				TARGETED_DEVICE_FAMILY = "1,2";
			};
			name = Debug;
		};
		DC4407D9267BA81100132863 /* Release */ = {
			isa = XCBuildConfiguration;
			buildSettings = {
				ALWAYS_EMBED_SWIFT_STANDARD_LIBRARIES = YES;
				CODE_SIGN_STYLE = Automatic;
				CURRENT_PROJECT_VERSION = 1;
				GENERATE_INFOPLIST_FILE = YES;
				LD_RUNPATH_SEARCH_PATHS = (
					"$(inherited)",
					"@executable_path/Frameworks",
					"@loader_path/Frameworks",
				);
				MARKETING_VERSION = 1.0;
				PRODUCT_BUNDLE_IDENTIFIER = academy.ifce.mateus.FetchKitTests;
				PRODUCT_NAME = "$(TARGET_NAME)";
				SWIFT_EMIT_LOC_STRINGS = NO;
				TARGETED_DEVICE_FAMILY = "1,2";
			};
			name = Release;
		};
/* End XCBuildConfiguration section */

/* Begin XCConfigurationList section */
		DC4407BC267BA81100132863 /* Build configuration list for PBXProject "FetchKit" */ = {
			isa = XCConfigurationList;
			buildConfigurations = (
				DC4407D2267BA81100132863 /* Debug */,
				DC4407D3267BA81100132863 /* Release */,
			);
			defaultConfigurationIsVisible = 0;
			defaultConfigurationName = Release;
		};
		DC4407D4267BA81100132863 /* Build configuration list for PBXNativeTarget "FetchKit" */ = {
			isa = XCConfigurationList;
			buildConfigurations = (
				DC4407D5267BA81100132863 /* Debug */,
				DC4407D6267BA81100132863 /* Release */,
			);
			defaultConfigurationIsVisible = 0;
			defaultConfigurationName = Release;
		};
		DC4407D7267BA81100132863 /* Build configuration list for PBXNativeTarget "FetchKitTests" */ = {
			isa = XCConfigurationList;
			buildConfigurations = (
				DC4407D8267BA81100132863 /* Debug */,
				DC4407D9267BA81100132863 /* Release */,
			);
			defaultConfigurationIsVisible = 0;
			defaultConfigurationName = Release;
		};
/* End XCConfigurationList section */
	};
	rootObject = DC4407B9267BA81100132863 /* Project object */;
}
